
Microsoft Visual Studio Solution File, Format Version 12.00
# Visual Studio Version 16
VisualStudioVersion = 16.0.29215.179
MinimumVisualStudioVersion = 10.0.40219.1
Project("{FAE04EC0-301F-11D3-BF4B-00C04F79EFBC}") = "cSharpTrainings2", "cSharpTrainings2\cSharpTrainings2.csproj", "{854C7996-FFEA-43F5-9546-BA8DE3566608}"
EndProject
Project("{FAE04EC0-301F-11D3-BF4B-00C04F79EFBC}") = "Task1", "Task1\Task1.csproj", "{44FEE4AC-D840-4EA1-914E-4A4CA8FC962C}"
EndProject
Project("{FAE04EC0-301F-11D3-BF4B-00C04F79EFBC}") = "Task2", "Task2\Task2.csproj", "{9288EAEB-E752-4A59-AAAD-0A2BDBAA4AEB}"
EndProject
Project("{FAE04EC0-301F-11D3-BF4B-00C04F79EFBC}") = "Task3", "Task3\Task3.csproj", "{25F54DA9-CB1B-43D9-BCB4-F1DDE026C83D}"
EndProject
Project("{FAE04EC0-301F-11D3-BF4B-00C04F79EFBC}") = "Task4", "Task4\Task4.csproj", "{0BCAFDE5-F26A-4112-BB5A-7DECB914004B}"
EndProject
Project("{FAE04EC0-301F-11D3-BF4B-00C04F79EFBC}") = "Task5", "Task5\Task5.csproj", "{D6A6C802-36F1-4B98-8822-553C8492AE24}"
EndProject
Project("{FAE04EC0-301F-11D3-BF4B-00C04F79EFBC}") = "Task6", "Task6\Task6.csproj", "{BE6E2125-A7B0-4209-9B7C-564E04175134}"
EndProject
Project("{FAE04EC0-301F-11D3-BF4B-00C04F79EFBC}") = "Task7", "Task7\Task7.csproj", "{15F69DFB-827A-4ADF-B5D0-8C3BD9CDEBF1}"
EndProject
Project("{FAE04EC0-301F-11D3-BF4B-00C04F79EFBC}") = "Task8", "Task8\Task8.csproj", "{6C73A9B2-E624-4B5D-BAE9-AD4FDDFCDE83}"
EndProject
Project("{FAE04EC0-301F-11D3-BF4B-00C04F79EFBC}") = "Task9", "Task9\Task9.csproj", "{65C333A9-38F1-4A52-B7A4-C8316F7D193B}"
EndProject
Project("{FAE04EC0-301F-11D3-BF4B-00C04F79EFBC}") = "Task10", "Task10\Task10.csproj", "{C848F877-40A9-4FB9-9832-52CBD910D592}"
EndProject
Project("{FAE04EC0-301F-11D3-BF4B-00C04F79EFBC}") = "Task11", "Task11\Task11.csproj", "{031C6320-2EAB-4202-8540-0D3EA98040CF}"
EndProject
Project("{FAE04EC0-301F-11D3-BF4B-00C04F79EFBC}") = "Task12", "Task12\Task12.csproj", "{FA07A69D-E419-471B-841E-97F4BADDCF76}"
EndProject
Project("{FAE04EC0-301F-11D3-BF4B-00C04F79EFBC}") = "Task13", "Task13\Task13.csproj", "{FCD399C3-D51C-4A1A-BFB7-FC0992E6B794}"
EndProject
Project("{FAE04EC0-301F-11D3-BF4B-00C04F79EFBC}") = "task14", "task14\task14.csproj", "{A1C4CB88-3642-4725-B3ED-792BABF53C4B}"
EndProject
Project("{FAE04EC0-301F-11D3-BF4B-00C04F79EFBC}") = "Task15", "Task15\Task15.csproj", "{508F6D3A-13D1-4309-B382-0F3EA7EC8504}"
EndProject
Project("{FAE04EC0-301F-11D3-BF4B-00C04F79EFBC}") = "Task16", "Task16\Task16.csproj", "{F692AE5A-0C2F-4FE4-976A-EE19E4D0A34B}"
EndProject
Project("{FAE04EC0-301F-11D3-BF4B-00C04F79EFBC}") = "Task17", "Task17\Task17.csproj", "{BFFE4D71-BD3E-4FC8-99AA-34DDB88A851A}"
EndProject
Project("{FAE04EC0-301F-11D3-BF4B-00C04F79EFBC}") = "Task18", "Task18\Task18.csproj", "{995A9D76-1141-4F55-BCB4-E12BC665B68A}"
EndProject
Project("{FAE04EC0-301F-11D3-BF4B-00C04F79EFBC}") = "Task19", "Task19\Task19.csproj", "{A52800BB-C933-410E-933A-B99EF230A566}"
EndProject
Project("{FAE04EC0-301F-11D3-BF4B-00C04F79EFBC}") = "Task20", "Task20\Task20.csproj", "{180F6F3B-6C71-4E44-825B-F68FD10E20C3}"
EndProject
Project("{FAE04EC0-301F-11D3-BF4B-00C04F79EFBC}") = "Task21", "Task21\Task21.csproj", "{9ED41F32-4921-4E06-A8F3-B0DF48E7E491}"
EndProject
Project("{FAE04EC0-301F-11D3-BF4B-00C04F79EFBC}") = "Task22", "Task22\Task22.csproj", "{93E2D071-8ECD-4892-A9FF-BF78054E03D5}"
EndProject
Project("{FAE04EC0-301F-11D3-BF4B-00C04F79EFBC}") = "Task23", "Task23\Task23.csproj", "{36EF5BD5-8D35-405E-BAC3-5F224C7B0153}"
EndProject
Project("{FAE04EC0-301F-11D3-BF4B-00C04F79EFBC}") = "Tasl24", "Tasl24\Tasl24.csproj", "{842CE779-1D01-4725-99C7-A5C8F379D07D}"
EndProject
Project("{FAE04EC0-301F-11D3-BF4B-00C04F79EFBC}") = "Task25", "Task25\Task25.csproj", "{F0427098-9478-49B7-A45A-C18208232E0E}"
EndProject
Project("{FAE04EC0-301F-11D3-BF4B-00C04F79EFBC}") = "Task26", "Task26\Task26.csproj", "{D3E765A7-6ECA-417E-BDBA-0B9C210FB000}"
EndProject
Project("{FAE04EC0-301F-11D3-BF4B-00C04F79EFBC}") = "Task27", "Task27\Task27.csproj", "{E502CE13-4DEF-40A6-9549-0A5ABA185F95}"
EndProject
Project("{FAE04EC0-301F-11D3-BF4B-00C04F79EFBC}") = "Task28", "Task28\Task28.csproj", "{2B72E63E-4D2E-4D24-BCF4-C0E820F109A7}"
EndProject
Project("{FAE04EC0-301F-11D3-BF4B-00C04F79EFBC}") = "Task29", "Task29\Task29.csproj", "{3BB51AFC-067A-4CB7-9380-2273299FB957}"
EndProject
Project("{FAE04EC0-301F-11D3-BF4B-00C04F79EFBC}") = "Task30", "Task30\Task30.csproj", "{ACDA1AA4-5CE5-4B06-9C3F-3D3AF22E71EB}"
EndProject
Project("{FAE04EC0-301F-11D3-BF4B-00C04F79EFBC}") = "Task31", "Task31\Task31.csproj", "{9FC4E125-7DF0-4AD7-8B23-C85C9B2C847F}"
EndProject
Project("{FAE04EC0-301F-11D3-BF4B-00C04F79EFBC}") = "Task32", "Task32\Task32.csproj", "{6EF37EF5-6477-4323-82E2-D4AA2D083782}"
EndProject
Project("{FAE04EC0-301F-11D3-BF4B-00C04F79EFBC}") = "Task33", "Task33\Task33.csproj", "{E0E4F17E-9447-45B5-B53E-AC936C07F2FF}"
EndProject
Project("{FAE04EC0-301F-11D3-BF4B-00C04F79EFBC}") = "Task34", "Task34\Task34.csproj", "{F3E48B6A-D5BC-4D73-8B9D-119BD35DB6C4}"
EndProject
Project("{FAE04EC0-301F-11D3-BF4B-00C04F79EFBC}") = "Task35", "Task35\Task35.csproj", "{5DE4DB9E-66F9-42B1-8E30-D16D99116EEF}"
EndProject
Global
	GlobalSection(SolutionConfigurationPlatforms) = preSolution
		Debug|Any CPU = Debug|Any CPU
		Release|Any CPU = Release|Any CPU
	EndGlobalSection
	GlobalSection(ProjectConfigurationPlatforms) = postSolution
		{854C7996-FFEA-43F5-9546-BA8DE3566608}.Debug|Any CPU.ActiveCfg = Debug|Any CPU
		{854C7996-FFEA-43F5-9546-BA8DE3566608}.Debug|Any CPU.Build.0 = Debug|Any CPU
		{854C7996-FFEA-43F5-9546-BA8DE3566608}.Release|Any CPU.ActiveCfg = Release|Any CPU
		{854C7996-FFEA-43F5-9546-BA8DE3566608}.Release|Any CPU.Build.0 = Release|Any CPU
		{44FEE4AC-D840-4EA1-914E-4A4CA8FC962C}.Debug|Any CPU.ActiveCfg = Debug|Any CPU
		{44FEE4AC-D840-4EA1-914E-4A4CA8FC962C}.Debug|Any CPU.Build.0 = Debug|Any CPU
		{44FEE4AC-D840-4EA1-914E-4A4CA8FC962C}.Release|Any CPU.ActiveCfg = Release|Any CPU
		{44FEE4AC-D840-4EA1-914E-4A4CA8FC962C}.Release|Any CPU.Build.0 = Release|Any CPU
		{9288EAEB-E752-4A59-AAAD-0A2BDBAA4AEB}.Debug|Any CPU.ActiveCfg = Debug|Any CPU
		{9288EAEB-E752-4A59-AAAD-0A2BDBAA4AEB}.Debug|Any CPU.Build.0 = Debug|Any CPU
		{9288EAEB-E752-4A59-AAAD-0A2BDBAA4AEB}.Release|Any CPU.ActiveCfg = Release|Any CPU
		{9288EAEB-E752-4A59-AAAD-0A2BDBAA4AEB}.Release|Any CPU.Build.0 = Release|Any CPU
		{25F54DA9-CB1B-43D9-BCB4-F1DDE026C83D}.Debug|Any CPU.ActiveCfg = Debug|Any CPU
		{25F54DA9-CB1B-43D9-BCB4-F1DDE026C83D}.Debug|Any CPU.Build.0 = Debug|Any CPU
		{25F54DA9-CB1B-43D9-BCB4-F1DDE026C83D}.Release|Any CPU.ActiveCfg = Release|Any CPU
		{25F54DA9-CB1B-43D9-BCB4-F1DDE026C83D}.Release|Any CPU.Build.0 = Release|Any CPU
		{0BCAFDE5-F26A-4112-BB5A-7DECB914004B}.Debug|Any CPU.ActiveCfg = Debug|Any CPU
		{0BCAFDE5-F26A-4112-BB5A-7DECB914004B}.Debug|Any CPU.Build.0 = Debug|Any CPU
		{0BCAFDE5-F26A-4112-BB5A-7DECB914004B}.Release|Any CPU.ActiveCfg = Release|Any CPU
		{0BCAFDE5-F26A-4112-BB5A-7DECB914004B}.Release|Any CPU.Build.0 = Release|Any CPU
		{D6A6C802-36F1-4B98-8822-553C8492AE24}.Debug|Any CPU.ActiveCfg = Debug|Any CPU
		{D6A6C802-36F1-4B98-8822-553C8492AE24}.Debug|Any CPU.Build.0 = Debug|Any CPU
		{D6A6C802-36F1-4B98-8822-553C8492AE24}.Release|Any CPU.ActiveCfg = Release|Any CPU
		{D6A6C802-36F1-4B98-8822-553C8492AE24}.Release|Any CPU.Build.0 = Release|Any CPU
		{BE6E2125-A7B0-4209-9B7C-564E04175134}.Debug|Any CPU.ActiveCfg = Debug|Any CPU
		{BE6E2125-A7B0-4209-9B7C-564E04175134}.Debug|Any CPU.Build.0 = Debug|Any CPU
		{BE6E2125-A7B0-4209-9B7C-564E04175134}.Release|Any CPU.ActiveCfg = Release|Any CPU
		{BE6E2125-A7B0-4209-9B7C-564E04175134}.Release|Any CPU.Build.0 = Release|Any CPU
		{15F69DFB-827A-4ADF-B5D0-8C3BD9CDEBF1}.Debug|Any CPU.ActiveCfg = Debug|Any CPU
		{15F69DFB-827A-4ADF-B5D0-8C3BD9CDEBF1}.Debug|Any CPU.Build.0 = Debug|Any CPU
		{15F69DFB-827A-4ADF-B5D0-8C3BD9CDEBF1}.Release|Any CPU.ActiveCfg = Release|Any CPU
		{15F69DFB-827A-4ADF-B5D0-8C3BD9CDEBF1}.Release|Any CPU.Build.0 = Release|Any CPU
		{6C73A9B2-E624-4B5D-BAE9-AD4FDDFCDE83}.Debug|Any CPU.ActiveCfg = Debug|Any CPU
		{6C73A9B2-E624-4B5D-BAE9-AD4FDDFCDE83}.Debug|Any CPU.Build.0 = Debug|Any CPU
		{6C73A9B2-E624-4B5D-BAE9-AD4FDDFCDE83}.Release|Any CPU.ActiveCfg = Release|Any CPU
		{6C73A9B2-E624-4B5D-BAE9-AD4FDDFCDE83}.Release|Any CPU.Build.0 = Release|Any CPU
		{65C333A9-38F1-4A52-B7A4-C8316F7D193B}.Debug|Any CPU.ActiveCfg = Debug|Any CPU
		{65C333A9-38F1-4A52-B7A4-C8316F7D193B}.Debug|Any CPU.Build.0 = Debug|Any CPU
		{65C333A9-38F1-4A52-B7A4-C8316F7D193B}.Release|Any CPU.ActiveCfg = Release|Any CPU
		{65C333A9-38F1-4A52-B7A4-C8316F7D193B}.Release|Any CPU.Build.0 = Release|Any CPU
		{C848F877-40A9-4FB9-9832-52CBD910D592}.Debug|Any CPU.ActiveCfg = Debug|Any CPU
		{C848F877-40A9-4FB9-9832-52CBD910D592}.Debug|Any CPU.Build.0 = Debug|Any CPU
		{C848F877-40A9-4FB9-9832-52CBD910D592}.Release|Any CPU.ActiveCfg = Release|Any CPU
		{C848F877-40A9-4FB9-9832-52CBD910D592}.Release|Any CPU.Build.0 = Release|Any CPU
		{031C6320-2EAB-4202-8540-0D3EA98040CF}.Debug|Any CPU.ActiveCfg = Debug|Any CPU
		{031C6320-2EAB-4202-8540-0D3EA98040CF}.Debug|Any CPU.Build.0 = Debug|Any CPU
		{031C6320-2EAB-4202-8540-0D3EA98040CF}.Release|Any CPU.ActiveCfg = Release|Any CPU
		{031C6320-2EAB-4202-8540-0D3EA98040CF}.Release|Any CPU.Build.0 = Release|Any CPU
		{FA07A69D-E419-471B-841E-97F4BADDCF76}.Debug|Any CPU.ActiveCfg = Debug|Any CPU
		{FA07A69D-E419-471B-841E-97F4BADDCF76}.Debug|Any CPU.Build.0 = Debug|Any CPU
		{FA07A69D-E419-471B-841E-97F4BADDCF76}.Release|Any CPU.ActiveCfg = Release|Any CPU
		{FA07A69D-E419-471B-841E-97F4BADDCF76}.Release|Any CPU.Build.0 = Release|Any CPU
		{FCD399C3-D51C-4A1A-BFB7-FC0992E6B794}.Debug|Any CPU.ActiveCfg = Debug|Any CPU
		{FCD399C3-D51C-4A1A-BFB7-FC0992E6B794}.Debug|Any CPU.Build.0 = Debug|Any CPU
		{FCD399C3-D51C-4A1A-BFB7-FC0992E6B794}.Release|Any CPU.ActiveCfg = Release|Any CPU
		{FCD399C3-D51C-4A1A-BFB7-FC0992E6B794}.Release|Any CPU.Build.0 = Release|Any CPU
		{A1C4CB88-3642-4725-B3ED-792BABF53C4B}.Debug|Any CPU.ActiveCfg = Debug|Any CPU
		{A1C4CB88-3642-4725-B3ED-792BABF53C4B}.Debug|Any CPU.Build.0 = Debug|Any CPU
		{A1C4CB88-3642-4725-B3ED-792BABF53C4B}.Release|Any CPU.ActiveCfg = Release|Any CPU
		{A1C4CB88-3642-4725-B3ED-792BABF53C4B}.Release|Any CPU.Build.0 = Release|Any CPU
		{508F6D3A-13D1-4309-B382-0F3EA7EC8504}.Debug|Any CPU.ActiveCfg = Debug|Any CPU
		{508F6D3A-13D1-4309-B382-0F3EA7EC8504}.Debug|Any CPU.Build.0 = Debug|Any CPU
		{508F6D3A-13D1-4309-B382-0F3EA7EC8504}.Release|Any CPU.ActiveCfg = Release|Any CPU
		{508F6D3A-13D1-4309-B382-0F3EA7EC8504}.Release|Any CPU.Build.0 = Release|Any CPU
		{F692AE5A-0C2F-4FE4-976A-EE19E4D0A34B}.Debug|Any CPU.ActiveCfg = Debug|Any CPU
		{F692AE5A-0C2F-4FE4-976A-EE19E4D0A34B}.Debug|Any CPU.Build.0 = Debug|Any CPU
		{F692AE5A-0C2F-4FE4-976A-EE19E4D0A34B}.Release|Any CPU.ActiveCfg = Release|Any CPU
		{F692AE5A-0C2F-4FE4-976A-EE19E4D0A34B}.Release|Any CPU.Build.0 = Release|Any CPU
		{BFFE4D71-BD3E-4FC8-99AA-34DDB88A851A}.Debug|Any CPU.ActiveCfg = Debug|Any CPU
		{BFFE4D71-BD3E-4FC8-99AA-34DDB88A851A}.Debug|Any CPU.Build.0 = Debug|Any CPU
		{BFFE4D71-BD3E-4FC8-99AA-34DDB88A851A}.Release|Any CPU.ActiveCfg = Release|Any CPU
		{BFFE4D71-BD3E-4FC8-99AA-34DDB88A851A}.Release|Any CPU.Build.0 = Release|Any CPU
		{995A9D76-1141-4F55-BCB4-E12BC665B68A}.Debug|Any CPU.ActiveCfg = Debug|Any CPU
		{995A9D76-1141-4F55-BCB4-E12BC665B68A}.Debug|Any CPU.Build.0 = Debug|Any CPU
		{995A9D76-1141-4F55-BCB4-E12BC665B68A}.Release|Any CPU.ActiveCfg = Release|Any CPU
		{995A9D76-1141-4F55-BCB4-E12BC665B68A}.Release|Any CPU.Build.0 = Release|Any CPU
		{A52800BB-C933-410E-933A-B99EF230A566}.Debug|Any CPU.ActiveCfg = Debug|Any CPU
		{A52800BB-C933-410E-933A-B99EF230A566}.Debug|Any CPU.Build.0 = Debug|Any CPU
		{A52800BB-C933-410E-933A-B99EF230A566}.Release|Any CPU.ActiveCfg = Release|Any CPU
		{A52800BB-C933-410E-933A-B99EF230A566}.Release|Any CPU.Build.0 = Release|Any CPU
		{180F6F3B-6C71-4E44-825B-F68FD10E20C3}.Debug|Any CPU.ActiveCfg = Debug|Any CPU
		{180F6F3B-6C71-4E44-825B-F68FD10E20C3}.Debug|Any CPU.Build.0 = Debug|Any CPU
		{180F6F3B-6C71-4E44-825B-F68FD10E20C3}.Release|Any CPU.ActiveCfg = Release|Any CPU
		{180F6F3B-6C71-4E44-825B-F68FD10E20C3}.Release|Any CPU.Build.0 = Release|Any CPU
		{9ED41F32-4921-4E06-A8F3-B0DF48E7E491}.Debug|Any CPU.ActiveCfg = Debug|Any CPU
		{9ED41F32-4921-4E06-A8F3-B0DF48E7E491}.Debug|Any CPU.Build.0 = Debug|Any CPU
		{9ED41F32-4921-4E06-A8F3-B0DF48E7E491}.Release|Any CPU.ActiveCfg = Release|Any CPU
		{9ED41F32-4921-4E06-A8F3-B0DF48E7E491}.Release|Any CPU.Build.0 = Release|Any CPU
		{93E2D071-8ECD-4892-A9FF-BF78054E03D5}.Debug|Any CPU.ActiveCfg = Debug|Any CPU
		{93E2D071-8ECD-4892-A9FF-BF78054E03D5}.Debug|Any CPU.Build.0 = Debug|Any CPU
		{93E2D071-8ECD-4892-A9FF-BF78054E03D5}.Release|Any CPU.ActiveCfg = Release|Any CPU
		{93E2D071-8ECD-4892-A9FF-BF78054E03D5}.Release|Any CPU.Build.0 = Release|Any CPU
		{36EF5BD5-8D35-405E-BAC3-5F224C7B0153}.Debug|Any CPU.ActiveCfg = Debug|Any CPU
		{36EF5BD5-8D35-405E-BAC3-5F224C7B0153}.Debug|Any CPU.Build.0 = Debug|Any CPU
		{36EF5BD5-8D35-405E-BAC3-5F224C7B0153}.Release|Any CPU.ActiveCfg = Release|Any CPU
		{36EF5BD5-8D35-405E-BAC3-5F224C7B0153}.Release|Any CPU.Build.0 = Release|Any CPU
		{842CE779-1D01-4725-99C7-A5C8F379D07D}.Debug|Any CPU.ActiveCfg = Debug|Any CPU
		{842CE779-1D01-4725-99C7-A5C8F379D07D}.Debug|Any CPU.Build.0 = Debug|Any CPU
		{842CE779-1D01-4725-99C7-A5C8F379D07D}.Release|Any CPU.ActiveCfg = Release|Any CPU
		{842CE779-1D01-4725-99C7-A5C8F379D07D}.Release|Any CPU.Build.0 = Release|Any CPU
		{F0427098-9478-49B7-A45A-C18208232E0E}.Debug|Any CPU.ActiveCfg = Debug|Any CPU
		{F0427098-9478-49B7-A45A-C18208232E0E}.Debug|Any CPU.Build.0 = Debug|Any CPU
		{F0427098-9478-49B7-A45A-C18208232E0E}.Release|Any CPU.ActiveCfg = Release|Any CPU
		{F0427098-9478-49B7-A45A-C18208232E0E}.Release|Any CPU.Build.0 = Release|Any CPU
		{D3E765A7-6ECA-417E-BDBA-0B9C210FB000}.Debug|Any CPU.ActiveCfg = Debug|Any CPU
		{D3E765A7-6ECA-417E-BDBA-0B9C210FB000}.Debug|Any CPU.Build.0 = Debug|Any CPU
		{D3E765A7-6ECA-417E-BDBA-0B9C210FB000}.Release|Any CPU.ActiveCfg = Release|Any CPU
		{D3E765A7-6ECA-417E-BDBA-0B9C210FB000}.Release|Any CPU.Build.0 = Release|Any CPU
		{E502CE13-4DEF-40A6-9549-0A5ABA185F95}.Debug|Any CPU.ActiveCfg = Debug|Any CPU
		{E502CE13-4DEF-40A6-9549-0A5ABA185F95}.Debug|Any CPU.Build.0 = Debug|Any CPU
		{E502CE13-4DEF-40A6-9549-0A5ABA185F95}.Release|Any CPU.ActiveCfg = Release|Any CPU
		{E502CE13-4DEF-40A6-9549-0A5ABA185F95}.Release|Any CPU.Build.0 = Release|Any CPU
		{2B72E63E-4D2E-4D24-BCF4-C0E820F109A7}.Debug|Any CPU.ActiveCfg = Debug|Any CPU
		{2B72E63E-4D2E-4D24-BCF4-C0E820F109A7}.Debug|Any CPU.Build.0 = Debug|Any CPU
		{2B72E63E-4D2E-4D24-BCF4-C0E820F109A7}.Release|Any CPU.ActiveCfg = Release|Any CPU
		{2B72E63E-4D2E-4D24-BCF4-C0E820F109A7}.Release|Any CPU.Build.0 = Release|Any CPU
		{3BB51AFC-067A-4CB7-9380-2273299FB957}.Debug|Any CPU.ActiveCfg = Debug|Any CPU
		{3BB51AFC-067A-4CB7-9380-2273299FB957}.Debug|Any CPU.Build.0 = Debug|Any CPU
		{3BB51AFC-067A-4CB7-9380-2273299FB957}.Release|Any CPU.ActiveCfg = Release|Any CPU
		{3BB51AFC-067A-4CB7-9380-2273299FB957}.Release|Any CPU.Build.0 = Release|Any CPU
		{ACDA1AA4-5CE5-4B06-9C3F-3D3AF22E71EB}.Debug|Any CPU.ActiveCfg = Debug|Any CPU
		{ACDA1AA4-5CE5-4B06-9C3F-3D3AF22E71EB}.Debug|Any CPU.Build.0 = Debug|Any CPU
		{ACDA1AA4-5CE5-4B06-9C3F-3D3AF22E71EB}.Release|Any CPU.ActiveCfg = Release|Any CPU
		{ACDA1AA4-5CE5-4B06-9C3F-3D3AF22E71EB}.Release|Any CPU.Build.0 = Release|Any CPU
		{9FC4E125-7DF0-4AD7-8B23-C85C9B2C847F}.Debug|Any CPU.ActiveCfg = Debug|Any CPU
		{9FC4E125-7DF0-4AD7-8B23-C85C9B2C847F}.Debug|Any CPU.Build.0 = Debug|Any CPU
		{9FC4E125-7DF0-4AD7-8B23-C85C9B2C847F}.Release|Any CPU.ActiveCfg = Release|Any CPU
		{9FC4E125-7DF0-4AD7-8B23-C85C9B2C847F}.Release|Any CPU.Build.0 = Release|Any CPU
		{6EF37EF5-6477-4323-82E2-D4AA2D083782}.Debug|Any CPU.ActiveCfg = Debug|Any CPU
		{6EF37EF5-6477-4323-82E2-D4AA2D083782}.Debug|Any CPU.Build.0 = Debug|Any CPU
		{6EF37EF5-6477-4323-82E2-D4AA2D083782}.Release|Any CPU.ActiveCfg = Release|Any CPU
		{6EF37EF5-6477-4323-82E2-D4AA2D083782}.Release|Any CPU.Build.0 = Release|Any CPU
		{E0E4F17E-9447-45B5-B53E-AC936C07F2FF}.Debug|Any CPU.ActiveCfg = Debug|Any CPU
		{E0E4F17E-9447-45B5-B53E-AC936C07F2FF}.Debug|Any CPU.Build.0 = Debug|Any CPU
		{E0E4F17E-9447-45B5-B53E-AC936C07F2FF}.Release|Any CPU.ActiveCfg = Release|Any CPU
		{E0E4F17E-9447-45B5-B53E-AC936C07F2FF}.Release|Any CPU.Build.0 = Release|Any CPU
		{F3E48B6A-D5BC-4D73-8B9D-119BD35DB6C4}.Debug|Any CPU.ActiveCfg = Debug|Any CPU
		{F3E48B6A-D5BC-4D73-8B9D-119BD35DB6C4}.Debug|Any CPU.Build.0 = Debug|Any CPU
		{F3E48B6A-D5BC-4D73-8B9D-119BD35DB6C4}.Release|Any CPU.ActiveCfg = Release|Any CPU
		{F3E48B6A-D5BC-4D73-8B9D-119BD35DB6C4}.Release|Any CPU.Build.0 = Release|Any CPU
		{5DE4DB9E-66F9-42B1-8E30-D16D99116EEF}.Debug|Any CPU.ActiveCfg = Debug|Any CPU
		{5DE4DB9E-66F9-42B1-8E30-D16D99116EEF}.Debug|Any CPU.Build.0 = Debug|Any CPU
		{5DE4DB9E-66F9-42B1-8E30-D16D99116EEF}.Release|Any CPU.ActiveCfg = Release|Any CPU
		{5DE4DB9E-66F9-42B1-8E30-D16D99116EEF}.Release|Any CPU.Build.0 = Release|Any CPU
	EndGlobalSection
	GlobalSection(SolutionProperties) = preSolution
		HideSolutionNode = FALSE
	EndGlobalSection
	GlobalSection(ExtensibilityGlobals) = postSolution
		SolutionGuid = {83F0F19A-6ACE-4B57-B616-5A4902BE7D4B}
	EndGlobalSection
EndGlobal
